
Microsoft Visual Studio Solution File, Format Version 12.00
# Visual Studio Version 17
VisualStudioVersion = 17.14.35906.104 d17.14
MinimumVisualStudioVersion = 10.0.40219.1
Project("{FAE04EC0-301F-11D3-BF4B-00C04F79EFBC}") = "OstranautsTradeMod", "OstranautsTradeMod.csproj", "{62F20522-379C-4C43-A5FF-20213C9F277A}"
EndProject
Global
	GlobalSection(SolutionConfigurationPlatforms) = preSolution
		Debug|Any CPU = Debug|Any CPU
		Release|Any CPU = Release|Any CPU
	EndGlobalSection
	GlobalSection(ProjectConfigurationPlatforms) = postSolution
		{62F20522-379C-4C43-A5FF-20213C9F277A}.Debug|Any CPU.ActiveCfg = Debug|Any CPU
		{62F20522-379C-4C43-A5FF-20213C9F277A}.Debug|Any CPU.Build.0 = Debug|Any CPU
		{62F20522-379C-4C43-A5FF-20213C9F277A}.Release|Any CPU.ActiveCfg = Release|Any CPU
		{62F20522-379C-4C43-A5FF-20213C9F277A}.Release|Any CPU.Build.0 = Release|Any CPU
	EndGlobalSection
	GlobalSection(SolutionProperties) = preSolution
		HideSolutionNode = FALSE
	EndGlobalSection
	GlobalSection(ExtensibilityGlobals) = postSolution
		SolutionGuid = {14CEB883-F700-46B0-AD9E-873F66782A71}
	EndGlobalSection
EndGlobal
